{
  "name": "@writetome51/get-float-padded-on-right-if-needed",
  "version": "1.0.0",
  "lockfileVersion": 1,
  "requires": true,
  "dependencies": {
    "@writetome51/get-left-of-decimal": {
      "version": "1.0.1",
      "resolved": "https://registry.npmjs.org/@writetome51/get-left-of-decimal/-/get-left-of-decimal-1.0.1.tgz",
      "integrity": "sha512-kGKDvqzuDDGyjU7owU5eQqFRSiBUqkcefVFqGcdjt0D+YkrjVtCvwqHGBcYh4+50Aghddf6VQjWER2m4qzUsQw=="
    },
    "@writetome51/get-right-of-decimal": {
      "version": "1.0.1",
      "resolved": "https://registry.npmjs.org/@writetome51/get-right-of-decimal/-/get-right-of-decimal-1.0.1.tgz",
      "integrity": "sha512-29R+jvKIQ+HCK7usv5vWh417/TteRI+BqxAV01uXIgLb5dGxq3suYIcb8GQZ4PnZQkq8QcfGhhEWrIa8yMLFdQ==",
      "requires": {
        "basic-data-handling": "^1.0.12"
      }
    },
    "basic-data-handling": {
      "version": "1.0.12",
      "resolved": "https://registry.npmjs.org/basic-data-handling/-/basic-data-handling-1.0.12.tgz",
      "integrity": "sha512-zeWSs51vDmRqvDkIewERsygFb5NDT24QbZZvZ7fz/Wusxy1yHvPDOhE46lJiBE+l+1CEQv96ZUES4IFvbRGMvA=="
    }
  }
}
