{
  "name": "@writetome51/get-float-padded-on-right-if-needed",
  "version": "1.0.4",
  "lockfileVersion": 1,
  "requires": true,
  "dependencies": {
    "@writetome51/get-left-of-decimal": {
      "version": "1.0.3",
      "resolved": "https://registry.npmjs.org/@writetome51/get-left-of-decimal/-/get-left-of-decimal-1.0.3.tgz",
      "integrity": "sha512-SNsEETSqHEpW2ONAESgRT1ek6/6y2FHYQqKEfYJzisTJ//41KQbZxwGLFZOuIM+xoMnuD/kBDED90/Ngm9n2Ug==",
      "requires": {
        "basic-data-handling": "~1.0.13"
      }
    },
    "@writetome51/get-right-of-decimal": {
      "version": "1.0.3",
      "resolved": "https://registry.npmjs.org/@writetome51/get-right-of-decimal/-/get-right-of-decimal-1.0.3.tgz",
      "integrity": "sha512-uLAcyT+WwS8FYTzjemqA6WAzLkjIT/Rmc6V9NTVaRKSwQnMlY2NqvlaTYgir0TqbCleWuNSZr6y5HEkh2OsmrQ==",
      "requires": {
        "basic-data-handling": "~1.0.13"
      }
    },
    "basic-data-handling": {
      "version": "1.0.15",
      "resolved": "https://registry.npmjs.org/basic-data-handling/-/basic-data-handling-1.0.15.tgz",
      "integrity": "sha512-HyXRwPTfhKacukW4mMJl+3IsFC+5NzMr9flzp+XBJhHol0eAZzLxYqP7w3Cme3cziKcshzoO7Zf/9C+bewJWpA=="
    }
  }
}
